// !$*UTF8*$!
{
	archiveVersion = 1;
	classes = {
	};
	objectVersion = 48;
	objects = {

/* Begin PBXBuildFile section */
		187F19CD1FD4F91F008A5652 /* AppDelegate.swift in Sources */ = {isa = PBXBuildFile; fileRef = 187F19CC1FD4F91F008A5652 /* AppDelegate.swift */; };
		187F19CF1FD4F91F008A5652 /* ViewController.swift in Sources */ = {isa = PBXBuildFile; fileRef = 187F19CE1FD4F91F008A5652 /* ViewController.swift */; };
		187F19D21FD4F91F008A5652 /* Main.storyboard in Resources */ = {isa = PBXBuildFile; fileRef = 187F19D01FD4F91F008A5652 /* Main.storyboard */; };
		187F19D41FD4F91F008A5652 /* Assets.xcassets in Resources */ = {isa = PBXBuildFile; fileRef = 187F19D31FD4F91F008A5652 /* Assets.xcassets */; };
		187F19D71FD4F91F008A5652 /* LaunchScreen.storyboard in Resources */ = {isa = PBXBuildFile; fileRef = 187F19D51FD4F91F008A5652 /* LaunchScreen.storyboard */; };
		187F19E21FD4F91F008A5652 /* QYPCollectionViewTests.swift in Sources */ = {isa = PBXBuildFile; fileRef = 187F19E11FD4F91F008A5652 /* QYPCollectionViewTests.swift */; };
		187F19ED1FD4F91F008A5652 /* QYPCollectionViewUITests.swift in Sources */ = {isa = PBXBuildFile; fileRef = 187F19EC1FD4F91F008A5652 /* QYPCollectionViewUITests.swift */; };
		187F19FD1FD504B3008A5652 /* QYPCollectionViewController.swift in Sources */ = {isa = PBXBuildFile; fileRef = 187F19FC1FD504B3008A5652 /* QYPCollectionViewController.swift */; };
		187F1A021FD52593008A5652 /* QYPCollectionViewCell.swift in Sources */ = {isa = PBXBuildFile; fileRef = 187F1A001FD52593008A5652 /* QYPCollectionViewCell.swift */; };
		187F1A031FD52593008A5652 /* QYPCollectionViewCell.xib in Resources */ = {isa = PBXBuildFile; fileRef = 187F1A011FD52593008A5652 /* QYPCollectionViewCell.xib */; };
/* End PBXBuildFile section */

/* Begin PBXContainerItemProxy section */
		187F19DE1FD4F91F008A5652 /* PBXContainerItemProxy */ = {
			isa = PBXContainerItemProxy;
			containerPortal = 187F19C11FD4F91F008A5652 /* Project object */;
			proxyType = 1;
			remoteGlobalIDString = 187F19C81FD4F91F008A5652;
			remoteInfo = QYPCollectionView;
		};
		187F19E91FD4F91F008A5652 /* PBXContainerItemProxy */ = {
			isa = PBXContainerItemProxy;
			containerPortal = 187F19C11FD4F91F008A5652 /* Project object */;
			proxyType = 1;
			remoteGlobalIDString = 187F19C81FD4F91F008A5652;
			remoteInfo = QYPCollectionView;
		};
/* End PBXContainerItemProxy section */

/* Begin PBXFileReference section */
		187F19C91FD4F91F008A5652 /* QYPCollectionView.app */ = {isa = PBXFileReference; explicitFileType = wrapper.application; includeInIndex = 0; path = QYPCollectionView.app; sourceTree = BUILT_PRODUCTS_DIR; };
		187F19CC1FD4F91F008A5652 /* AppDelegate.swift */ = {isa = PBXFileReference; lastKnownFileType = sourcecode.swift; path = AppDelegate.swift; sourceTree = "<group>"; };
		187F19CE1FD4F91F008A5652 /* ViewController.swift */ = {isa = PBXFileReference; lastKnownFileType = sourcecode.swift; path = ViewController.swift; sourceTree = "<group>"; };
		187F19D11FD4F91F008A5652 /* Base */ = {isa = PBXFileReference; lastKnownFileType = file.storyboard; name = Base; path = Base.lproj/Main.storyboard; sourceTree = "<group>"; };
		187F19D31FD4F91F008A5652 /* Assets.xcassets */ = {isa = PBXFileReference; lastKnownFileType = folder.assetcatalog; path = Assets.xcassets; sourceTree = "<group>"; };
		187F19D61FD4F91F008A5652 /* Base */ = {isa = PBXFileReference; lastKnownFileType = file.storyboard; name = Base; path = Base.lproj/LaunchScreen.storyboard; sourceTree = "<group>"; };
		187F19D81FD4F91F008A5652 /* Info.plist */ = {isa = PBXFileReference; lastKnownFileType = text.plist.xml; path = Info.plist; sourceTree = "<group>"; };
		187F19DD1FD4F91F008A5652 /* QYPCollectionViewTests.xctest */ = {isa = PBXFileReference; explicitFileType = wrapper.cfbundle; includeInIndex = 0; path = QYPCollectionViewTests.xctest; sourceTree = BUILT_PRODUCTS_DIR; };
		187F19E11FD4F91F008A5652 /* QYPCollectionViewTests.swift */ = {isa = PBXFileReference; lastKnownFileType = sourcecode.swift; path = QYPCollectionViewTests.swift; sourceTree = "<group>"; };
		187F19E31FD4F91F008A5652 /* Info.plist */ = {isa = PBXFileReference; lastKnownFileType = text.plist.xml; path = Info.plist; sourceTree = "<group>"; };
		187F19E81FD4F91F008A5652 /* QYPCollectionViewUITests.xctest */ = {isa = PBXFileReference; explicitFileType = wrapper.cfbundle; includeInIndex = 0; path = QYPCollectionViewUITests.xctest; sourceTree = BUILT_PRODUCTS_DIR; };
		187F19EC1FD4F91F008A5652 /* QYPCollectionViewUITests.swift */ = {isa = PBXFileReference; lastKnownFileType = sourcecode.swift; path = QYPCollectionViewUITests.swift; sourceTree = "<group>"; };
		187F19EE1FD4F91F008A5652 /* Info.plist */ = {isa = PBXFileReference; lastKnownFileType = text.plist.xml; path = Info.plist; sourceTree = "<group>"; };
		187F19FC1FD504B3008A5652 /* QYPCollectionViewController.swift */ = {isa = PBXFileReference; lastKnownFileType = sourcecode.swift; path = QYPCollectionViewController.swift; sourceTree = "<group>"; };
		187F1A001FD52593008A5652 /* QYPCollectionViewCell.swift */ = {isa = PBXFileReference; lastKnownFileType = sourcecode.swift; path = QYPCollectionViewCell.swift; sourceTree = "<group>"; };
		187F1A011FD52593008A5652 /* QYPCollectionViewCell.xib */ = {isa = PBXFileReference; lastKnownFileType = file.xib; path = QYPCollectionViewCell.xib; sourceTree = "<group>"; };
/* End PBXFileReference section */

/* Begin PBXFrameworksBuildPhase section */
		187F19C61FD4F91F008A5652 /* Frameworks */ = {
			isa = PBXFrameworksBuildPhase;
			buildActionMask = 2147483647;
			files = (
			);
			runOnlyForDeploymentPostprocessing = 0;
		};
		187F19DA1FD4F91F008A5652 /* Frameworks */ = {
			isa = PBXFrameworksBuildPhase;
			buildActionMask = 2147483647;
			files = (
			);
			runOnlyForDeploymentPostprocessing = 0;
		};
		187F19E51FD4F91F008A5652 /* Frameworks */ = {
			isa = PBXFrameworksBuildPhase;
			buildActionMask = 2147483647;
			files = (
			);
			runOnlyForDeploymentPostprocessing = 0;
		};
/* End PBXFrameworksBuildPhase section */

/* Begin PBXGroup section */
		187F19C01FD4F91F008A5652 = {
			isa = PBXGroup;
			children = (
				187F19CB1FD4F91F008A5652 /* QYPCollectionView */,
				187F19E01FD4F91F008A5652 /* QYPCollectionViewTests */,
				187F19EB1FD4F91F008A5652 /* QYPCollectionViewUITests */,
				187F19CA1FD4F91F008A5652 /* Products */,
			);
			sourceTree = "<group>";
		};
		187F19CA1FD4F91F008A5652 /* Products */ = {
			isa = PBXGroup;
			children = (
				187F19C91FD4F91F008A5652 /* QYPCollectionView.app */,
				187F19DD1FD4F91F008A5652 /* QYPCollectionViewTests.xctest */,
				187F19E81FD4F91F008A5652 /* QYPCollectionViewUITests.xctest */,
			);
			name = Products;
			sourceTree = "<group>";
		};
		187F19CB1FD4F91F008A5652 /* QYPCollectionView */ = {
			isa = PBXGroup;
			children = (
				187F19CC1FD4F91F008A5652 /* AppDelegate.swift */,
				187F19CE1FD4F91F008A5652 /* ViewController.swift */,
				187F19FC1FD504B3008A5652 /* QYPCollectionViewController.swift */,
				187F1A001FD52593008A5652 /* QYPCollectionViewCell.swift */,
				187F1A011FD52593008A5652 /* QYPCollectionViewCell.xib */,
				187F19D01FD4F91F008A5652 /* Main.storyboard */,
				187F19D31FD4F91F008A5652 /* Assets.xcassets */,
				187F19D51FD4F91F008A5652 /* LaunchScreen.storyboard */,
				187F19D81FD4F91F008A5652 /* Info.plist */,
			);
			path = QYPCollectionView;
			sourceTree = "<group>";
		};
		187F19E01FD4F91F008A5652 /* QYPCollectionViewTests */ = {
			isa = PBXGroup;
			children = (
				187F19E11FD4F91F008A5652 /* QYPCollectionViewTests.swift */,
				187F19E31FD4F91F008A5652 /* Info.plist */,
			);
			path = QYPCollectionViewTests;
			sourceTree = "<group>";
		};
		187F19EB1FD4F91F008A5652 /* QYPCollectionViewUITests */ = {
			isa = PBXGroup;
			children = (
				187F19EC1FD4F91F008A5652 /* QYPCollectionViewUITests.swift */,
				187F19EE1FD4F91F008A5652 /* Info.plist */,
			);
			path = QYPCollectionViewUITests;
			sourceTree = "<group>";
		};
/* End PBXGroup section */

/* Begin PBXNativeTarget section */
		187F19C81FD4F91F008A5652 /* QYPCollectionView */ = {
			isa = PBXNativeTarget;
			buildConfigurationList = 187F19F11FD4F91F008A5652 /* Build configuration list for PBXNativeTarget "QYPCollectionView" */;
			buildPhases = (
				187F19C51FD4F91F008A5652 /* Sources */,
				187F19C61FD4F91F008A5652 /* Frameworks */,
				187F19C71FD4F91F008A5652 /* Resources */,
			);
			buildRules = (
			);
			dependencies = (
			);
			name = QYPCollectionView;
			productName = QYPCollectionView;
			productReference = 187F19C91FD4F91F008A5652 /* QYPCollectionView.app */;
			productType = "com.apple.product-type.application";
		};
		187F19DC1FD4F91F008A5652 /* QYPCollectionViewTests */ = {
			isa = PBXNativeTarget;
			buildConfigurationList = 187F19F41FD4F91F008A5652 /* Build configuration list for PBXNativeTarget "QYPCollectionViewTests" */;
			buildPhases = (
				187F19D91FD4F91F008A5652 /* Sources */,
				187F19DA1FD4F91F008A5652 /* Frameworks */,
				187F19DB1FD4F91F008A5652 /* Resources */,
			);
			buildRules = (
			);
			dependencies = (
				187F19DF1FD4F91F008A5652 /* PBXTargetDependency */,
			);
			name = QYPCollectionViewTests;
			productName = QYPCollectionViewTests;
			productReference = 187F19DD1FD4F91F008A5652 /* QYPCollectionViewTests.xctest */;
			productType = "com.apple.product-type.bundle.unit-test";
		};
		187F19E71FD4F91F008A5652 /* QYPCollectionViewUITests */ = {
			isa = PBXNativeTarget;
			buildConfigurationList = 187F19F71FD4F91F008A5652 /* Build configuration list for PBXNativeTarget "QYPCollectionViewUITests" */;
			buildPhases = (
				187F19E41FD4F91F008A5652 /* Sources */,
				187F19E51FD4F91F008A5652 /* Frameworks */,
				187F19E61FD4F91F008A5652 /* Resources */,
			);
			buildRules = (
			);
			dependencies = (
				187F19EA1FD4F91F008A5652 /* PBXTargetDependency */,
			);
			name = QYPCollectionViewUITests;
			productName = QYPCollectionViewUITests;
			productReference = 187F19E81FD4F91F008A5652 /* QYPCollectionViewUITests.xctest */;
			productType = "com.apple.product-type.bundle.ui-testing";
		};
/* End PBXNativeTarget section */

/* Begin PBXProject section */
		187F19C11FD4F91F008A5652 /* Project object */ = {
			isa = PBXProject;
			attributes = {
				LastSwiftUpdateCheck = 0910;
				LastUpgradeCheck = 0910;
				ORGANIZATIONNAME = Apple;
				TargetAttributes = {
					187F19C81FD4F91F008A5652 = {
						CreatedOnToolsVersion = 9.1;
						ProvisioningStyle = Automatic;
					};
					187F19DC1FD4F91F008A5652 = {
						CreatedOnToolsVersion = 9.1;
						ProvisioningStyle = Automatic;
						TestTargetID = 187F19C81FD4F91F008A5652;
					};
					187F19E71FD4F91F008A5652 = {
						CreatedOnToolsVersion = 9.1;
						ProvisioningStyle = Automatic;
						TestTargetID = 187F19C81FD4F91F008A5652;
					};
				};
			};
			buildConfigurationList = 187F19C41FD4F91F008A5652 /* Build configuration list for PBXProject "QYPCollectionView" */;
			compatibilityVersion = "Xcode 8.0";
			developmentRegion = en;
			hasScannedForEncodings = 0;
			knownRegions = (
				en,
				Base,
			);
			mainGroup = 187F19C01FD4F91F008A5652;
			productRefGroup = 187F19CA1FD4F91F008A5652 /* Products */;
			projectDirPath = "";
			projectRoot = "";
			targets = (
				187F19C81FD4F91F008A5652 /* QYPCollectionView */,
				187F19DC1FD4F91F008A5652 /* QYPCollectionViewTests */,
				187F19E71FD4F91F008A5652 /* QYPCollectionViewUITests */,
			);
		};
/* End PBXProject section */

/* Begin PBXResourcesBuildPhase section */
		187F19C71FD4F91F008A5652 /* Resources */ = {
			isa = PBXResourcesBuildPhase;
			buildActionMask = 2147483647;
			files = (
				187F19D71FD4F91F008A5652 /* LaunchScreen.storyboard in Resources */,
				187F19D41FD4F91F008A5652 /* Assets.xcassets in Resources */,
				187F19D21FD4F91F008A5652 /* Main.storyboard in Resources */,
				187F1A031FD52593008A5652 /* QYPCollectionViewCell.xib in Resources */,
			);
			runOnlyForDeploymentPostprocessing = 0;
		};
		187F19DB1FD4F91F008A5652 /* Resources */ = {
			isa = PBXResourcesBuildPhase;
			buildActionMask = 2147483647;
			files = (
			);
			runOnlyForDeploymentPostprocessing = 0;
		};
		187F19E61FD4F91F008A5652 /* Resources */ = {
			isa = PBXResourcesBuildPhase;
			buildActionMask = 2147483647;
			files = (
			);
			runOnlyForDeploymentPostprocessing = 0;
		};
/* End PBXResourcesBuildPhase section */

/* Begin PBXSourcesBuildPhase section */
		187F19C51FD4F91F008A5652 /* Sources */ = {
			isa = PBXSourcesBuildPhase;
			buildActionMask = 2147483647;
			files = (
				187F19CF1FD4F91F008A5652 /* ViewController.swift in Sources */,
				187F19CD1FD4F91F008A5652 /* AppDelegate.swift in Sources */,
				187F19FD1FD504B3008A5652 /* QYPCollectionViewController.swift in Sources */,
				187F1A021FD52593008A5652 /* QYPCollectionViewCell.swift in Sources */,
			);
			runOnlyForDeploymentPostprocessing = 0;
		};
		187F19D91FD4F91F008A5652 /* Sources */ = {
			isa = PBXSourcesBuildPhase;
			buildActionMask = 2147483647;
			files = (
				187F19E21FD4F91F008A5652 /* QYPCollectionViewTests.swift in Sources */,
			);
			runOnlyForDeploymentPostprocessing = 0;
		};
		187F19E41FD4F91F008A5652 /* Sources */ = {
			isa = PBXSourcesBuildPhase;
			buildActionMask = 2147483647;
			files = (
				187F19ED1FD4F91F008A5652 /* QYPCollectionViewUITests.swift in Sources */,
			);
			runOnlyForDeploymentPostprocessing = 0;
		};
/* End PBXSourcesBuildPhase section */

/* Begin PBXTargetDependency section */
		187F19DF1FD4F91F008A5652 /* PBXTargetDependency */ = {
			isa = PBXTargetDependency;
			target = 187F19C81FD4F91F008A5652 /* QYPCollectionView */;
			targetProxy = 187F19DE1FD4F91F008A5652 /* PBXContainerItemProxy */;
		};
		187F19EA1FD4F91F008A5652 /* PBXTargetDependency */ = {
			isa = PBXTargetDependency;
			target = 187F19C81FD4F91F008A5652 /* QYPCollectionView */;
			targetProxy = 187F19E91FD4F91F008A5652 /* PBXContainerItemProxy */;
		};
/* End PBXTargetDependency section */

/* Begin PBXVariantGroup section */
		187F19D01FD4F91F008A5652 /* Main.storyboard */ = {
			isa = PBXVariantGroup;
			children = (
				187F19D11FD4F91F008A5652 /* Base */,
			);
			name = Main.storyboard;
			sourceTree = "<group>";
		};
		187F19D51FD4F91F008A5652 /* LaunchScreen.storyboard */ = {
			isa = PBXVariantGroup;
			children = (
				187F19D61FD4F91F008A5652 /* Base */,
			);
			name = LaunchScreen.storyboard;
			sourceTree = "<group>";
		};
/* End PBXVariantGroup section */

/* Begin XCBuildConfiguration section */
		187F19EF1FD4F91F008A5652 /* Debug */ = {
			isa = XCBuildConfiguration;
			buildSettings = {
				ALWAYS_SEARCH_USER_PATHS = NO;
				CLANG_ANALYZER_NONNULL = YES;
				CLANG_ANALYZER_NUMBER_OBJECT_CONVERSION = YES_AGGRESSIVE;
				CLANG_CXX_LANGUAGE_STANDARD = "gnu++14";
				CLANG_CXX_LIBRARY = "libc++";
				CLANG_ENABLE_MODULES = YES;
				CLANG_ENABLE_OBJC_ARC = YES;
				CLANG_WARN_BLOCK_CAPTURE_AUTORELEASING = YES;
				CLANG_WARN_BOOL_CONVERSION = YES;
				CLANG_WARN_COMMA = YES;
				CLANG_WARN_CONSTANT_CONVERSION = YES;
				CLANG_WARN_DIRECT_OBJC_ISA_USAGE = YES_ERROR;
				CLANG_WARN_DOCUMENTATION_COMMENTS = YES;
				CLANG_WARN_EMPTY_BODY = YES;
				CLANG_WARN_ENUM_CONVERSION = YES;
				CLANG_WARN_INFINITE_RECURSION = YES;
				CLANG_WARN_INT_CONVERSION = YES;
				CLANG_WARN_NON_LITERAL_NULL_CONVERSION = YES;
				CLANG_WARN_OBJC_LITERAL_CONVERSION = YES;
				CLANG_WARN_OBJC_ROOT_CLASS = YES_ERROR;
				CLANG_WARN_RANGE_LOOP_ANALYSIS = YES;
				CLANG_WARN_STRICT_PROTOTYPES = YES;
				CLANG_WARN_SUSPICIOUS_MOVE = YES;
				CLANG_WARN_UNGUARDED_AVAILABILITY = YES_AGGRESSIVE;
				CLANG_WARN_UNREACHABLE_CODE = YES;
				CLANG_WARN__DUPLICATE_METHOD_MATCH = YES;
				CODE_SIGN_IDENTITY = "iPhone Developer";
				COPY_PHASE_STRIP = NO;
				DEBUG_INFORMATION_FORMAT = dwarf;
				ENABLE_STRICT_OBJC_MSGSEND = YES;
				ENABLE_TESTABILITY = YES;
				GCC_C_LANGUAGE_STANDARD = gnu11;
				GCC_DYNAMIC_NO_PIC = NO;
				GCC_NO_COMMON_BLOCKS = YES;
				GCC_OPTIMIZATION_LEVEL = 0;
				GCC_PREPROCESSOR_DEFINITIONS = (
					"DEBUG=1",
					"$(inherited)",
				);
				GCC_WARN_64_TO_32_BIT_CONVERSION = YES;
				GCC_WARN_ABOUT_RETURN_TYPE = YES_ERROR;
				GCC_WARN_UNDECLARED_SELECTOR = YES;
				GCC_WARN_UNINITIALIZED_AUTOS = YES_AGGRESSIVE;
				GCC_WARN_UNUSED_FUNCTION = YES;
				GCC_WARN_UNUSED_VARIABLE = YES;
				IPHONEOS_DEPLOYMENT_TARGET = 11.1;
				MTL_ENABLE_DEBUG_INFO = YES;
				ONLY_ACTIVE_ARCH = YES;
				SDKROOT = iphoneos;
				SWIFT_ACTIVE_COMPILATION_CONDITIONS = DEBUG;
				SWIFT_OPTIMIZATION_LEVEL = "-Onone";
			};
			name = Debug;
		};
		187F19F01FD4F91F008A5652 /* Release */ = {
			isa = XCBuildConfiguration;
			buildSettings = {
				ALWAYS_SEARCH_USER_PATHS = NO;
				CLANG_ANALYZER_NONNULL = YES;
				CLANG_ANALYZER_NUMBER_OBJECT_CONVERSION = YES_AGGRESSIVE;
				CLANG_CXX_LANGUAGE_STANDARD = "gnu++14";
				CLANG_CXX_LIBRARY = "libc++";
				CLANG_ENABLE_MODULES = YES;
				CLANG_ENABLE_OBJC_ARC = YES;
				CLANG_WARN_BLOCK_CAPTURE_AUTORELEASING = YES;
				CLANG_WARN_BOOL_CONVERSION = YES;
				CLANG_WARN_COMMA = YES;
				CLANG_WARN_CONSTANT_CONVERSION = YES;
				CLANG_WARN_DIRECT_OBJC_ISA_USAGE = YES_ERROR;
				CLANG_WARN_DOCUMENTATION_COMMENTS = YES;
				CLANG_WARN_EMPTY_BODY = YES;
				CLANG_WARN_ENUM_CONVERSION = YES;
				CLANG_WARN_INFINITE_RECURSION = YES;
				CLANG_WARN_INT_CONVERSION = YES;
				CLANG_WARN_NON_LITERAL_NULL_CONVERSION = YES;
				CLANG_WARN_OBJC_LITERAL_CONVERSION = YES;
				CLANG_WARN_OBJC_ROOT_CLASS = YES_ERROR;
				CLANG_WARN_RANGE_LOOP_ANALYSIS = YES;
				CLANG_WARN_STRICT_PROTOTYPES = YES;
				CLANG_WARN_SUSPICIOUS_MOVE = YES;
				CLANG_WARN_UNGUARDED_AVAILABILITY = YES_AGGRESSIVE;
				CLANG_WARN_UNREACHABLE_CODE = YES;
				CLANG_WARN__DUPLICATE_METHOD_MATCH = YES;
				CODE_SIGN_IDENTITY = "iPhone Developer";
				COPY_PHASE_STRIP = NO;
				DEBUG_INFORMATION_FORMAT = "dwarf-with-dsym";
				ENABLE_NS_ASSERTIONS = NO;
				ENABLE_STRICT_OBJC_MSGSEND = YES;
				GCC_C_LANGUAGE_STANDARD = gnu11;
				GCC_NO_COMMON_BLOCKS = YES;
				GCC_WARN_64_TO_32_BIT_CONVERSION = YES;
				GCC_WARN_ABOUT_RETURN_TYPE = YES_ERROR;
				GCC_WARN_UNDECLARED_SELECTOR = YES;
				GCC_WARN_UNINITIALIZED_AUTOS = YES_AGGRESSIVE;
				GCC_WARN_UNUSED_FUNCTION = YES;
				GCC_WARN_UNUSED_VARIABLE = YES;
				IPHONEOS_DEPLOYMENT_TARGET = 11.1;
				MTL_ENABLE_DEBUG_INFO = NO;
				SDKROOT = iphoneos;
				SWIFT_OPTIMIZATION_LEVEL = "-Owholemodule";
				VALIDATE_PRODUCT = YES;
			};
			name = Release;
		};
		187F19F21FD4F91F008A5652 /* Debug */ = {
			isa = XCBuildConfiguration;
			buildSettings = {
				ASSETCATALOG_COMPILER_APPICON_NAME = AppIcon;
				CODE_SIGN_STYLE = Automatic;
				DEVELOPMENT_TEAM = G9A5TMJ2KM;
				INFOPLIST_FILE = QYPCollectionView/Info.plist;
				LD_RUNPATH_SEARCH_PATHS = "$(inherited) @executable_path/Frameworks";
				PRODUCT_BUNDLE_IDENTIFIER = Apple.com.QYPCollectionView;
				PRODUCT_NAME = "$(TARGET_NAME)";
				SWIFT_VERSION = 4.0;
				TARGETED_DEVICE_FAMILY = "1,2";
			};
			name = Debug;
		};
		187F19F31FD4F91F008A5652 /* Release */ = {
			isa = XCBuildConfiguration;
			buildSettings = {
				ASSETCATALOG_COMPILER_APPICON_NAME = AppIcon;
				CODE_SIGN_STYLE = Automatic;
				DEVELOPMENT_TEAM = G9A5TMJ2KM;
				INFOPLIST_FILE = QYPCollectionView/Info.plist;
				LD_RUNPATH_SEARCH_PATHS = "$(inherited) @executable_path/Frameworks";
				PRODUCT_BUNDLE_IDENTIFIER = Apple.com.QYPCollectionView;
				PRODUCT_NAME = "$(TARGET_NAME)";
				SWIFT_VERSION = 4.0;
				TARGETED_DEVICE_FAMILY = "1,2";
			};
			name = Release;
		};
		187F19F51FD4F91F008A5652 /* Debug */ = {
			isa = XCBuildConfiguration;
			buildSettings = {
				ALWAYS_EMBED_SWIFT_STANDARD_LIBRARIES = YES;
				BUNDLE_LOADER = "$(TEST_HOST)";
				CODE_SIGN_STYLE = Automatic;
				INFOPLIST_FILE = QYPCollectionViewTests/Info.plist;
				LD_RUNPATH_SEARCH_PATHS = "$(inherited) @executable_path/Frameworks @loader_path/Frameworks";
				PRODUCT_BUNDLE_IDENTIFIER = Apple.com.QYPCollectionViewTests;
				PRODUCT_NAME = "$(TARGET_NAME)";
				SWIFT_VERSION = 4.0;
				TARGETED_DEVICE_FAMILY = "1,2";
				TEST_HOST = "$(BUILT_PRODUCTS_DIR)/QYPCollectionView.app/QYPCollectionView";
			};
			name = Debug;
		};
		187F19F61FD4F91F008A5652 /* Release */ = {
			isa = XCBuildConfiguration;
			buildSettings = {
				ALWAYS_EMBED_SWIFT_STANDARD_LIBRARIES = YES;
				BUNDLE_LOADER = "$(TEST_HOST)";
				CODE_SIGN_STYLE = Automatic;
				INFOPLIST_FILE = QYPCollectionViewTests/Info.plist;
				LD_RUNPATH_SEARCH_PATHS = "$(inherited) @executable_path/Frameworks @loader_path/Frameworks";
				PRODUCT_BUNDLE_IDENTIFIER = Apple.com.QYPCollectionViewTests;
				PRODUCT_NAME = "$(TARGET_NAME)";
				SWIFT_VERSION = 4.0;
				TARGETED_DEVICE_FAMILY = "1,2";
				TEST_HOST = "$(BUILT_PRODUCTS_DIR)/QYPCollectionView.app/QYPCollectionView";
			};
			name = Release;
		};
		187F19F81FD4F91F008A5652 /* Debug */ = {
			isa = XCBuildConfiguration;
			buildSettings = {
				ALWAYS_EMBED_SWIFT_STANDARD_LIBRARIES = YES;
				CODE_SIGN_STYLE = Automatic;
				INFOPLIST_FILE = QYPCollectionViewUITests/Info.plist;
				LD_RUNPATH_SEARCH_PATHS = "$(inherited) @executable_path/Frameworks @loader_path/Frameworks";
				PRODUCT_BUNDLE_IDENTIFIER = Apple.com.QYPCollectionViewUITests;
				PRODUCT_NAME = "$(TARGET_NAME)";
				SWIFT_VERSION = 4.0;
				TARGETED_DEVICE_FAMILY = "1,2";
				TEST_TARGET_NAME = QYPCollectionView;
			};
			name = Debug;
		};
		187F19F91FD4F91F008A5652 /* Release */ = {
			isa = XCBuildConfiguration;
			buildSettings = {
				ALWAYS_EMBED_SWIFT_STANDARD_LIBRARIES = YES;
				CODE_SIGN_STYLE = Automatic;
				INFOPLIST_FILE = QYPCollectionViewUITests/Info.plist;
				LD_RUNPATH_SEARCH_PATHS = "$(inherited) @executable_path/Frameworks @loader_path/Frameworks";
				PRODUCT_BUNDLE_IDENTIFIER = Apple.com.QYPCollectionViewUITests;
				PRODUCT_NAME = "$(TARGET_NAME)";
				SWIFT_VERSION = 4.0;
				TARGETED_DEVICE_FAMILY = "1,2";
				TEST_TARGET_NAME = QYPCollectionView;
			};
			name = Release;
		};
/* End XCBuildConfiguration section */

/* Begin XCConfigurationList section */
		187F19C41FD4F91F008A5652 /* Build configuration list for PBXProject "QYPCollectionView" */ = {
			isa = XCConfigurationList;
			buildConfigurations = (
				187F19EF1FD4F91F008A5652 /* Debug */,
				187F19F01FD4F91F008A5652 /* Release */,
			);
			defaultConfigurationIsVisible = 0;
			defaultConfigurationName = Release;
		};
		187F19F11FD4F91F008A5652 /* Build configuration list for PBXNativeTarget "QYPCollectionView" */ = {
			isa = XCConfigurationList;
			buildConfigurations = (
				187F19F21FD4F91F008A5652 /* Debug */,
				187F19F31FD4F91F008A5652 /* Release */,
			);
			defaultConfigurationIsVisible = 0;
			defaultConfigurationName = Release;
		};
		187F19F41FD4F91F008A5652 /* Build configuration list for PBXNativeTarget "QYPCollectionViewTests" */ = {
			isa = XCConfigurationList;
			buildConfigurations = (
				187F19F51FD4F91F008A5652 /* Debug */,
				187F19F61FD4F91F008A5652 /* Release */,
			);
			defaultConfigurationIsVisible = 0;
			defaultConfigurationName = Release;
		};
		187F19F71FD4F91F008A5652 /* Build configuration list for PBXNativeTarget "QYPCollectionViewUITests" */ = {
			isa = XCConfigurationList;
			buildConfigurations = (
				187F19F81FD4F91F008A5652 /* Debug */,
				187F19F91FD4F91F008A5652 /* Release */,
			);
			defaultConfigurationIsVisible = 0;
			defaultConfigurationName = Release;
		};
/* End XCConfigurationList section */
	};
	rootObject = 187F19C11FD4F91F008A5652 /* Project object */;
}
